{
    "_meta": {
        "hash": {
            "sha256": "34585d8a7ffe04e1d4f67448acd23e1e4f0f76072320b615d209ef3367f6cc08"
        },
        "pipfile-spec": 6,
        "requires": {
            "python_version": "3.9"
        },
        "sources": [
            {
                "name": "pypi",
                "url": "https://pypi.org/simple",
                "verify_ssl": true
            }
        ]
    },
    "default": {
        "certifi": {
            "hashes": [
                "sha256:78884e7c1d4b00ce3cea67b44566851c4343c120abd683433ce934a68ea58872",
                "sha256:d62a0163eb4c2344ac042ab2bdf75399a71a2d8c7d47eac2e2ee91b9d6339569"
            ],
            "version": "==2021.10.8"
        },
        "charset-normalizer": {
            "hashes": [
                "sha256:2857e29ff0d34db842cd7ca3230549d1a697f96ee6d3fb071cfa6c7393832597",
                "sha256:6881edbebdb17b39b4eaaa821b438bf6eddffb4468cf344f09f89def34a8b1df"
            ],
            "markers": "python_version >= '3'",
            "version": "==2.0.12"
        },
        "idna": {
            "hashes": [
                "sha256:84d9dd047ffa80596e0f246e2eab0b391788b0503584e8945f2368256d2735ff",
                "sha256:9d643ff0a55b762d5cdb124b8eaa99c66322e2157b69160bc32796e824360e6d"
            ],
            "markers": "python_version >= '3'",
            "version": "==3.3"
        },
        "pytelegrambotapi": {
            "hashes": [
                "sha256:2689db6f6e8c6cafcb2b3b45901ec895a1d09bdf033d89f89582b88a40cfa5a1"
            ],
            "index": "pypi",
            "version": "==4.5.0"
        },
        "python-gammu": {
            "hashes": [
                "sha256:49fc70f01bc192c43ff3ec815e082df5261ea4c8d36a695e977734c4eb4df868",
                "sha256:53441feca21fb794b7440cef95241e40ed3cceda527b43cb3260cfb7e968333f",
                "sha256:6450c291fe5e2005c58e8b2546ea342d1596f22edc480d6903a85859d9dbb29d",
                "sha256:b3b2d6424721affd3e95e26b0686a2347775d8d3790d7dd512766f8e3465bef6",
                "sha256:cec3f63a67c251568c6be11f5d6f410b4add15b7fc429b63a7d13af5e6cf2ace",
                "sha256:e931347c0301f59a08d9c69814ddfec0a3eb7a6d7e0147b0f8bd19a7dee72b15",
                "sha256:eab57406c3016cbb2848487ab773803d7c5564474023e1ef730bf6518ff2bbc8",
                "sha256:ecd384b41e5ecf87470295eb7c3662b661f2db3c501badfbd1dc74196b42e915",
                "sha256:ed605bc10d7c9f8b6b905acf04151da5d5cf15ff4f88daa827719f8b5f681062"
            ],
            "index": "pypi",
            "version": "==3.2.4"
        },
        "requests": {
            "hashes": [
                "sha256:68d7c56fd5a8999887728ef304a6d12edc7be74f1cfa47714fc8b414525c9a61",
                "sha256:f22fa1e554c9ddfd16e6e41ac79759e17be9e492b3587efa038054674760e72d"
            ],
            "markers": "python_version >= '2.7' and python_version not in '3.0, 3.1, 3.2, 3.3, 3.4, 3.5'",
            "version": "==2.27.1"
        },
        "urllib3": {
            "hashes": [
                "sha256:44ece4d53fb1706f667c9bd1c648f5469a2ec925fcf3a776667042d645472c14",
                "sha256:aabaf16477806a5e1dd19aa41f8c2b7950dd3c746362d7e3223dbe6de6ac448e"
            ],
            "markers": "python_version >= '2.7' and python_version not in '3.0, 3.1, 3.2, 3.3, 3.4' and python_version < '4'",
            "version": "==1.26.9"
        }
    },
    "develop": {}
}
